
Microsoft Visual Studio Solution File, Format Version 12.00
# Visual Studio Version 17
VisualStudioVersion = 17.7.34221.43
MinimumVisualStudioVersion = 10.0.40219.1
Project("{FAE04EC0-301F-11D3-BF4B-00C04F79EFBC}") = "MVCANGULAR", "MVCANGULAR\MVCANGULAR.csproj", "{2901A1FD-7081-4BD6-A1B0-062323B8677D}"
EndProject
Global
	GlobalSection(SolutionConfigurationPlatforms) = preSolution
		Debug|Any CPU = Debug|Any CPU
		Release|Any CPU = Release|Any CPU
	EndGlobalSection
	GlobalSection(ProjectConfigurationPlatforms) = postSolution
		{2901A1FD-7081-4BD6-A1B0-062323B8677D}.Debug|Any CPU.ActiveCfg = Debug|Any CPU
		{2901A1FD-7081-4BD6-A1B0-062323B8677D}.Debug|Any CPU.Build.0 = Debug|Any CPU
		{2901A1FD-7081-4BD6-A1B0-062323B8677D}.Release|Any CPU.ActiveCfg = Release|Any CPU
		{2901A1FD-7081-4BD6-A1B0-062323B8677D}.Release|Any CPU.Build.0 = Release|Any CPU
	EndGlobalSection
	GlobalSection(SolutionProperties) = preSolution
		HideSolutionNode = FALSE
	EndGlobalSection
	GlobalSection(ExtensibilityGlobals) = postSolution
		SolutionGuid = {79EC3503-11DC-4DC6-A406-ADE1E29997C5}
	EndGlobalSection
EndGlobal
